
Microsoft Visual Studio Solution File, Format Version 12.00
# Visual Studio Version 17
VisualStudioVersion = 17.9.34714.143
MinimumVisualStudioVersion = 10.0.40219.1
Project("{FAE04EC0-301F-11D3-BF4B-00C04F79EFBC}") = "WinFormsAppAlgoritmo", "WinFormsAppAlgoritmo.csproj", "{D141B0EF-23E9-47A3-9A7D-58CB198CD8DE}"
EndProject
Global
	GlobalSection(SolutionConfigurationPlatforms) = preSolution
		Debug|Any CPU = Debug|Any CPU
		Release|Any CPU = Release|Any CPU
	EndGlobalSection
	GlobalSection(ProjectConfigurationPlatforms) = postSolution
		{D141B0EF-23E9-47A3-9A7D-58CB198CD8DE}.Debug|Any CPU.ActiveCfg = Debug|Any CPU
		{D141B0EF-23E9-47A3-9A7D-58CB198CD8DE}.Debug|Any CPU.Build.0 = Debug|Any CPU
		{D141B0EF-23E9-47A3-9A7D-58CB198CD8DE}.Release|Any CPU.ActiveCfg = Release|Any CPU
		{D141B0EF-23E9-47A3-9A7D-58CB198CD8DE}.Release|Any CPU.Build.0 = Release|Any CPU
	EndGlobalSection
	GlobalSection(SolutionProperties) = preSolution
		HideSolutionNode = FALSE
	EndGlobalSection
	GlobalSection(ExtensibilityGlobals) = postSolution
		SolutionGuid = {72AA35AD-671F-4964-ADDF-82329B6C81DE}
	EndGlobalSection
EndGlobal
